
Microsoft Visual Studio Solution File, Format Version 12.00
# Visual Studio Version 17
VisualStudioVersion = 17.5.002.0
MinimumVisualStudioVersion = 10.0.40219.1
Project("{FAE04EC0-301F-11D3-BF4B-00C04F79EFBC}") = "02", "02\02.csproj", "{ABC75D35-6FE0-46C9-A84A-DC90A24C3270}"
EndProject
Project("{FAE04EC0-301F-11D3-BF4B-00C04F79EFBC}") = "02.Tests", "02.Tests\02.Tests.csproj", "{A39002FC-3055-4080-AD05-DF0511F52A72}"
EndProject
Global
	GlobalSection(SolutionConfigurationPlatforms) = preSolution
		Debug|Any CPU = Debug|Any CPU
		Release|Any CPU = Release|Any CPU
	EndGlobalSection
	GlobalSection(ProjectConfigurationPlatforms) = postSolution
		{ABC75D35-6FE0-46C9-A84A-DC90A24C3270}.Debug|Any CPU.ActiveCfg = Debug|Any CPU
		{ABC75D35-6FE0-46C9-A84A-DC90A24C3270}.Debug|Any CPU.Build.0 = Debug|Any CPU
		{ABC75D35-6FE0-46C9-A84A-DC90A24C3270}.Release|Any CPU.ActiveCfg = Release|Any CPU
		{ABC75D35-6FE0-46C9-A84A-DC90A24C3270}.Release|Any CPU.Build.0 = Release|Any CPU
		{A39002FC-3055-4080-AD05-DF0511F52A72}.Debug|Any CPU.ActiveCfg = Debug|Any CPU
		{A39002FC-3055-4080-AD05-DF0511F52A72}.Debug|Any CPU.Build.0 = Debug|Any CPU
		{A39002FC-3055-4080-AD05-DF0511F52A72}.Release|Any CPU.ActiveCfg = Release|Any CPU
		{A39002FC-3055-4080-AD05-DF0511F52A72}.Release|Any CPU.Build.0 = Release|Any CPU
	EndGlobalSection
	GlobalSection(SolutionProperties) = preSolution
		HideSolutionNode = FALSE
	EndGlobalSection
	GlobalSection(ExtensibilityGlobals) = postSolution
		SolutionGuid = {F3446BC4-C852-4896-B34D-FDD42266FBBC}
	EndGlobalSection
EndGlobal
