
Microsoft Visual Studio Solution File, Format Version 12.00
# Visual Studio Version 17
VisualStudioVersion = 17.0.31903.59
MinimumVisualStudioVersion = 10.0.40219.1
Project("{FAE04EC0-301F-11D3-BF4B-00C04F79EFBC}") = "Day6.Tests", "Day6.Tests\Day6.Tests.csproj", "{2BF426F6-60CE-4FCB-B433-CE16333020FC}"
EndProject
Project("{FAE04EC0-301F-11D3-BF4B-00C04F79EFBC}") = "Day6", "Day6\Day6.csproj", "{461C3405-A40D-4582-862B-633F2901551F}"
EndProject
Global
	GlobalSection(SolutionConfigurationPlatforms) = preSolution
		Debug|Any CPU = Debug|Any CPU
		Release|Any CPU = Release|Any CPU
	EndGlobalSection
	GlobalSection(SolutionProperties) = preSolution
		HideSolutionNode = FALSE
	EndGlobalSection
	GlobalSection(ProjectConfigurationPlatforms) = postSolution
		{2BF426F6-60CE-4FCB-B433-CE16333020FC}.Debug|Any CPU.ActiveCfg = Debug|Any CPU
		{2BF426F6-60CE-4FCB-B433-CE16333020FC}.Debug|Any CPU.Build.0 = Debug|Any CPU
		{2BF426F6-60CE-4FCB-B433-CE16333020FC}.Release|Any CPU.ActiveCfg = Release|Any CPU
		{2BF426F6-60CE-4FCB-B433-CE16333020FC}.Release|Any CPU.Build.0 = Release|Any CPU
		{461C3405-A40D-4582-862B-633F2901551F}.Debug|Any CPU.ActiveCfg = Debug|Any CPU
		{461C3405-A40D-4582-862B-633F2901551F}.Debug|Any CPU.Build.0 = Debug|Any CPU
		{461C3405-A40D-4582-862B-633F2901551F}.Release|Any CPU.ActiveCfg = Release|Any CPU
		{461C3405-A40D-4582-862B-633F2901551F}.Release|Any CPU.Build.0 = Release|Any CPU
	EndGlobalSection
EndGlobal
