
Microsoft Visual Studio Solution File, Format Version 12.00
# Visual Studio Version 17
VisualStudioVersion = 17.5.002.0
MinimumVisualStudioVersion = 10.0.40219.1
Project("{9A19103F-16F7-4668-BE54-9A1E7A4F7556}") = "01", "01.csproj", "{E73715B2-9A03-400A-9DCC-62251E322FD0}"
EndProject
Global
	GlobalSection(SolutionConfigurationPlatforms) = preSolution
		Debug|Any CPU = Debug|Any CPU
		Release|Any CPU = Release|Any CPU
	EndGlobalSection
	GlobalSection(ProjectConfigurationPlatforms) = postSolution
		{E73715B2-9A03-400A-9DCC-62251E322FD0}.Debug|Any CPU.ActiveCfg = Debug|Any CPU
		{E73715B2-9A03-400A-9DCC-62251E322FD0}.Debug|Any CPU.Build.0 = Debug|Any CPU
		{E73715B2-9A03-400A-9DCC-62251E322FD0}.Release|Any CPU.ActiveCfg = Release|Any CPU
		{E73715B2-9A03-400A-9DCC-62251E322FD0}.Release|Any CPU.Build.0 = Release|Any CPU
	EndGlobalSection
	GlobalSection(SolutionProperties) = preSolution
		HideSolutionNode = FALSE
	EndGlobalSection
	GlobalSection(ExtensibilityGlobals) = postSolution
		SolutionGuid = {B1AF8C1A-186F-4B5E-AFC1-9AC9BC4430E4}
	EndGlobalSection
EndGlobal
